
Microsoft Visual Studio Solution File, Format Version 12.00
# Visual Studio Version 17
VisualStudioVersion = 17.11.35431.28
MinimumVisualStudioVersion = 10.0.40219.1
Project("{9A19103F-16F7-4668-BE54-9A1E7A4F7556}") = "LazyDI.Core", "LazyDI.Core\LazyDI.Core.csproj", "{B8EA4219-21AA-4811-AD0E-32EFEC57601B}"
EndProject
Project("{9A19103F-16F7-4668-BE54-9A1E7A4F7556}") = "LazyDI.WebAppTest", "LazyDI.WebAppTest\LazyDI.WebAppTest.csproj", "{89663280-EE99-49A9-906C-F2E8015849E4}"
EndProject
Project("{FAE04EC0-301F-11D3-BF4B-00C04F79EFBC}") = "LazyDI.Test.Services", "LazyDI.Test.Services\LazyDI.Test.Services.csproj", "{FCDBDEF1-CC1C-4E3B-B4FC-DDA385B41A7D}"
EndProject
Project("{FAE04EC0-301F-11D3-BF4B-00C04F79EFBC}") = "LazyDI.Test.Infra", "LazyDI.Test.Infra\LazyDI.Test.Infra.csproj", "{595D6E2D-AA6E-4DC7-8E92-5E2D3B527A00}"
EndProject
Global
	GlobalSection(SolutionConfigurationPlatforms) = preSolution
		Debug|Any CPU = Debug|Any CPU
		Release|Any CPU = Release|Any CPU
	EndGlobalSection
	GlobalSection(ProjectConfigurationPlatforms) = postSolution
		{B8EA4219-21AA-4811-AD0E-32EFEC57601B}.Debug|Any CPU.ActiveCfg = Debug|Any CPU
		{B8EA4219-21AA-4811-AD0E-32EFEC57601B}.Debug|Any CPU.Build.0 = Debug|Any CPU
		{B8EA4219-21AA-4811-AD0E-32EFEC57601B}.Release|Any CPU.ActiveCfg = Release|Any CPU
		{B8EA4219-21AA-4811-AD0E-32EFEC57601B}.Release|Any CPU.Build.0 = Release|Any CPU
		{89663280-EE99-49A9-906C-F2E8015849E4}.Debug|Any CPU.ActiveCfg = Debug|Any CPU
		{89663280-EE99-49A9-906C-F2E8015849E4}.Debug|Any CPU.Build.0 = Debug|Any CPU
		{89663280-EE99-49A9-906C-F2E8015849E4}.Release|Any CPU.ActiveCfg = Release|Any CPU
		{89663280-EE99-49A9-906C-F2E8015849E4}.Release|Any CPU.Build.0 = Release|Any CPU
		{FCDBDEF1-CC1C-4E3B-B4FC-DDA385B41A7D}.Debug|Any CPU.ActiveCfg = Debug|Any CPU
		{FCDBDEF1-CC1C-4E3B-B4FC-DDA385B41A7D}.Debug|Any CPU.Build.0 = Debug|Any CPU
		{FCDBDEF1-CC1C-4E3B-B4FC-DDA385B41A7D}.Release|Any CPU.ActiveCfg = Release|Any CPU
		{FCDBDEF1-CC1C-4E3B-B4FC-DDA385B41A7D}.Release|Any CPU.Build.0 = Release|Any CPU
		{595D6E2D-AA6E-4DC7-8E92-5E2D3B527A00}.Debug|Any CPU.ActiveCfg = Debug|Any CPU
		{595D6E2D-AA6E-4DC7-8E92-5E2D3B527A00}.Debug|Any CPU.Build.0 = Debug|Any CPU
		{595D6E2D-AA6E-4DC7-8E92-5E2D3B527A00}.Release|Any CPU.ActiveCfg = Release|Any CPU
		{595D6E2D-AA6E-4DC7-8E92-5E2D3B527A00}.Release|Any CPU.Build.0 = Release|Any CPU
	EndGlobalSection
	GlobalSection(SolutionProperties) = preSolution
		HideSolutionNode = FALSE
	EndGlobalSection
	GlobalSection(ExtensibilityGlobals) = postSolution
		SolutionGuid = {483B906E-63F4-4EEA-AA3C-B65C4FE62897}
	EndGlobalSection
EndGlobal
